
Microsoft Visual Studio Solution File, Format Version 12.00
# Visual Studio 15
VisualStudioVersion = 15.0.26124.0
MinimumVisualStudioVersion = 15.0.26124.0
Project("{2150E333-8FDC-42A3-9474-1A3956D46DE8}") = "dnc", "dnc", "{8C490A59-44D4-46BE-8BB9-7086E3B1459B}"
EndProject
Project("{FAE04EC0-301F-11D3-BF4B-00C04F79EFBC}") = "Yojowa.StopByStop.Interfaces", "interfaces\Yojowa.StopByStop.Interfaces.csproj", "{4EB0B8EC-FF0C-4DBD-897E-1A30D051D60D}"
EndProject
Project("{FAE04EC0-301F-11D3-BF4B-00C04F79EFBC}") = "Yojowa.StopByStop.Utils", "utils\Yojowa.StopByStop.Utils.csproj", "{912C2B1F-837B-43C7-99AC-392249F37963}"
EndProject
Project("{FAE04EC0-301F-11D3-BF4B-00C04F79EFBC}") = "Yojowa.StopByStop.UnitTests", "..\test\xunit\Yojowa.StopByStop.UnitTests.csproj", "{40C43275-4291-48F2-91D0-F50E327407B4}"
EndProject
Project("{FAE04EC0-301F-11D3-BF4B-00C04F79EFBC}") = "Yojowa.StopByStop.Web", "web\Yojowa.StopByStop.Web.csproj", "{B964A84A-5E4B-4B37-AB93-90D19ACC2C32}"
EndProject
Project("{FAE04EC0-301F-11D3-BF4B-00C04F79EFBC}") = "Yojowa.StopByStop.NpgsqlOM", "npgsqlom\Yojowa.StopByStop.NpgsqlOM.csproj", "{1876DAF8-4176-4691-AAED-F118ADF69C3D}"
EndProject
Global
	GlobalSection(SolutionConfigurationPlatforms) = preSolution
		Debug|Any CPU = Debug|Any CPU
		Debug|x64 = Debug|x64
		Debug|x86 = Debug|x86
		Release|Any CPU = Release|Any CPU
		Release|x64 = Release|x64
		Release|x86 = Release|x86
	EndGlobalSection
	GlobalSection(SolutionProperties) = preSolution
		HideSolutionNode = FALSE
	EndGlobalSection
	GlobalSection(ProjectConfigurationPlatforms) = postSolution
		{4EB0B8EC-FF0C-4DBD-897E-1A30D051D60D}.Debug|Any CPU.ActiveCfg = Debug|Any CPU
		{4EB0B8EC-FF0C-4DBD-897E-1A30D051D60D}.Debug|Any CPU.Build.0 = Debug|Any CPU
		{4EB0B8EC-FF0C-4DBD-897E-1A30D051D60D}.Debug|x64.ActiveCfg = Debug|x64
		{4EB0B8EC-FF0C-4DBD-897E-1A30D051D60D}.Debug|x64.Build.0 = Debug|x64
		{4EB0B8EC-FF0C-4DBD-897E-1A30D051D60D}.Debug|x86.ActiveCfg = Debug|x86
		{4EB0B8EC-FF0C-4DBD-897E-1A30D051D60D}.Debug|x86.Build.0 = Debug|x86
		{4EB0B8EC-FF0C-4DBD-897E-1A30D051D60D}.Release|Any CPU.ActiveCfg = Release|Any CPU
		{4EB0B8EC-FF0C-4DBD-897E-1A30D051D60D}.Release|Any CPU.Build.0 = Release|Any CPU
		{4EB0B8EC-FF0C-4DBD-897E-1A30D051D60D}.Release|x64.ActiveCfg = Release|x64
		{4EB0B8EC-FF0C-4DBD-897E-1A30D051D60D}.Release|x64.Build.0 = Release|x64
		{4EB0B8EC-FF0C-4DBD-897E-1A30D051D60D}.Release|x86.ActiveCfg = Release|x86
		{4EB0B8EC-FF0C-4DBD-897E-1A30D051D60D}.Release|x86.Build.0 = Release|x86
		{912C2B1F-837B-43C7-99AC-392249F37963}.Debug|Any CPU.ActiveCfg = Debug|Any CPU
		{912C2B1F-837B-43C7-99AC-392249F37963}.Debug|Any CPU.Build.0 = Debug|Any CPU
		{912C2B1F-837B-43C7-99AC-392249F37963}.Debug|x64.ActiveCfg = Debug|x64
		{912C2B1F-837B-43C7-99AC-392249F37963}.Debug|x64.Build.0 = Debug|x64
		{912C2B1F-837B-43C7-99AC-392249F37963}.Debug|x86.ActiveCfg = Debug|x86
		{912C2B1F-837B-43C7-99AC-392249F37963}.Debug|x86.Build.0 = Debug|x86
		{912C2B1F-837B-43C7-99AC-392249F37963}.Release|Any CPU.ActiveCfg = Release|Any CPU
		{912C2B1F-837B-43C7-99AC-392249F37963}.Release|Any CPU.Build.0 = Release|Any CPU
		{912C2B1F-837B-43C7-99AC-392249F37963}.Release|x64.ActiveCfg = Release|x64
		{912C2B1F-837B-43C7-99AC-392249F37963}.Release|x64.Build.0 = Release|x64
		{912C2B1F-837B-43C7-99AC-392249F37963}.Release|x86.ActiveCfg = Release|x86
		{912C2B1F-837B-43C7-99AC-392249F37963}.Release|x86.Build.0 = Release|x86
		{40C43275-4291-48F2-91D0-F50E327407B4}.Debug|Any CPU.ActiveCfg = Debug|Any CPU
		{40C43275-4291-48F2-91D0-F50E327407B4}.Debug|Any CPU.Build.0 = Debug|Any CPU
		{40C43275-4291-48F2-91D0-F50E327407B4}.Debug|x64.ActiveCfg = Debug|x64
		{40C43275-4291-48F2-91D0-F50E327407B4}.Debug|x64.Build.0 = Debug|x64
		{40C43275-4291-48F2-91D0-F50E327407B4}.Debug|x86.ActiveCfg = Debug|x86
		{40C43275-4291-48F2-91D0-F50E327407B4}.Debug|x86.Build.0 = Debug|x86
		{40C43275-4291-48F2-91D0-F50E327407B4}.Release|Any CPU.ActiveCfg = Release|Any CPU
		{40C43275-4291-48F2-91D0-F50E327407B4}.Release|Any CPU.Build.0 = Release|Any CPU
		{40C43275-4291-48F2-91D0-F50E327407B4}.Release|x64.ActiveCfg = Release|x64
		{40C43275-4291-48F2-91D0-F50E327407B4}.Release|x64.Build.0 = Release|x64
		{40C43275-4291-48F2-91D0-F50E327407B4}.Release|x86.ActiveCfg = Release|x86
		{40C43275-4291-48F2-91D0-F50E327407B4}.Release|x86.Build.0 = Release|x86
		{B964A84A-5E4B-4B37-AB93-90D19ACC2C32}.Debug|Any CPU.ActiveCfg = Debug|Any CPU
		{B964A84A-5E4B-4B37-AB93-90D19ACC2C32}.Debug|Any CPU.Build.0 = Debug|Any CPU
		{B964A84A-5E4B-4B37-AB93-90D19ACC2C32}.Debug|x64.ActiveCfg = Debug|x64
		{B964A84A-5E4B-4B37-AB93-90D19ACC2C32}.Debug|x64.Build.0 = Debug|x64
		{B964A84A-5E4B-4B37-AB93-90D19ACC2C32}.Debug|x86.ActiveCfg = Debug|x86
		{B964A84A-5E4B-4B37-AB93-90D19ACC2C32}.Debug|x86.Build.0 = Debug|x86
		{B964A84A-5E4B-4B37-AB93-90D19ACC2C32}.Release|Any CPU.ActiveCfg = Release|Any CPU
		{B964A84A-5E4B-4B37-AB93-90D19ACC2C32}.Release|Any CPU.Build.0 = Release|Any CPU
		{B964A84A-5E4B-4B37-AB93-90D19ACC2C32}.Release|x64.ActiveCfg = Release|x64
		{B964A84A-5E4B-4B37-AB93-90D19ACC2C32}.Release|x64.Build.0 = Release|x64
		{B964A84A-5E4B-4B37-AB93-90D19ACC2C32}.Release|x86.ActiveCfg = Release|x86
		{B964A84A-5E4B-4B37-AB93-90D19ACC2C32}.Release|x86.Build.0 = Release|x86
		{1876DAF8-4176-4691-AAED-F118ADF69C3D}.Debug|Any CPU.ActiveCfg = Debug|Any CPU
		{1876DAF8-4176-4691-AAED-F118ADF69C3D}.Debug|Any CPU.Build.0 = Debug|Any CPU
		{1876DAF8-4176-4691-AAED-F118ADF69C3D}.Debug|x64.ActiveCfg = Debug|x64
		{1876DAF8-4176-4691-AAED-F118ADF69C3D}.Debug|x64.Build.0 = Debug|x64
		{1876DAF8-4176-4691-AAED-F118ADF69C3D}.Debug|x86.ActiveCfg = Debug|x86
		{1876DAF8-4176-4691-AAED-F118ADF69C3D}.Debug|x86.Build.0 = Debug|x86
		{1876DAF8-4176-4691-AAED-F118ADF69C3D}.Release|Any CPU.ActiveCfg = Release|Any CPU
		{1876DAF8-4176-4691-AAED-F118ADF69C3D}.Release|Any CPU.Build.0 = Release|Any CPU
		{1876DAF8-4176-4691-AAED-F118ADF69C3D}.Release|x64.ActiveCfg = Release|x64
		{1876DAF8-4176-4691-AAED-F118ADF69C3D}.Release|x64.Build.0 = Release|x64
		{1876DAF8-4176-4691-AAED-F118ADF69C3D}.Release|x86.ActiveCfg = Release|x86
		{1876DAF8-4176-4691-AAED-F118ADF69C3D}.Release|x86.Build.0 = Release|x86
	EndGlobalSection
	GlobalSection(NestedProjects) = preSolution
		{4EB0B8EC-FF0C-4DBD-897E-1A30D051D60D} = {8C490A59-44D4-46BE-8BB9-7086E3B1459B}
		{912C2B1F-837B-43C7-99AC-392249F37963} = {8C490A59-44D4-46BE-8BB9-7086E3B1459B}
		{B964A84A-5E4B-4B37-AB93-90D19ACC2C32} = {8C490A59-44D4-46BE-8BB9-7086E3B1459B}
	EndGlobalSection
EndGlobal
