
Microsoft Visual Studio Solution File, Format Version 12.00
# Visual Studio 14
VisualStudioVersion = 14.0.25420.1
MinimumVisualStudioVersion = 10.0.40219.1
Project("{2150E333-8FDC-42A3-9474-1A3956D46DE8}") = "Solution Items", "Solution Items", "{208D1FBB-4C48-4C77-A83D-BC94C52FAA3F}"
	ProjectSection(SolutionItems) = preProject
		..\.gitignore = ..\.gitignore
		..\.travis.yml = ..\.travis.yml
		..\appveyor.yml = ..\appveyor.yml
		copybundles.cmd = copybundles.cmd
		copyserviceref.cmd = copyserviceref.cmd
		..\package.json = ..\package.json
		..\README.md = ..\README.md
	EndProjectSection
EndProject
Project("{2150E333-8FDC-42A3-9474-1A3956D46DE8}") = "src", "src", "{549A5855-B419-4D0E-B542-1232F8C0CF07}"
EndProject
Project("{2150E333-8FDC-42A3-9474-1A3956D46DE8}") = "test", "test", "{CBCB16E3-BDD9-4C39-9F2C-2A704D8B7BD7}"
EndProject
Project("{FAE04EC0-301F-11D3-BF4B-00C04F79EFBC}") = "Yojowa.StopByStop.Interfaces", "interfaces\Yojowa.StopByStop.Interfaces.csproj", "{A7DF5262-9FE9-4191-BB94-9E7B36DB0563}"
EndProject
Project("{FAE04EC0-301F-11D3-BF4B-00C04F79EFBC}") = "Yojowa.StopByStop.Utils", "utils\Yojowa.StopByStop.Utils.csproj", "{74352DD3-952B-40CC-B4F2-82DAA8DD0F8A}"
EndProject
Project("{FAE04EC0-301F-11D3-BF4B-00C04F79EFBC}") = "Yojowa.StopByStop.UnitTests", "..\test\unit\Yojowa.StopByStop.UnitTests.csproj", "{69F312CF-1A2D-4B82-B6D5-4F59FC139A44}"
EndProject
Project("{FAE04EC0-301F-11D3-BF4B-00C04F79EFBC}") = "Yojowa.StopByStop.Web", "web\Yojowa.StopByStop.Web.csproj", "{5C3207A8-8384-4AAC-BBFD-E43BA54DB4D7}"
EndProject
Project("{262852C6-CD72-467D-83FE-5EEB1973A190}") = "Yojowa.StopByStop.Cordova", "cordova\Yojowa.StopByStop.Cordova.jsproj", "{5F0BCF59-332E-4F7B-99C4-11C9C86BF25D}"
EndProject
Project("{FAE04EC0-301F-11D3-BF4B-00C04F79EFBC}") = "Yojowa.StopByStop.Client", "client\Yojowa.StopByStop.Client.csproj", "{839DB10A-D6C8-4512-92B8-585C17F83026}"
EndProject
Project("{FAE04EC0-301F-11D3-BF4B-00C04F79EFBC}") = "Yojowa.WebJobAgency", "agency\Yojowa.WebJobAgency.csproj", "{BBB31170-D929-4D55-A1F8-30734CFB0C3A}"
EndProject
Project("{FAE04EC0-301F-11D3-BF4B-00C04F79EFBC}") = "Yojowa.WebJobAgency.NpgSQL", "agency-npgsql\Yojowa.WebJobAgency.NpgSQL.csproj", "{EAF9A614-9129-44FE-95DD-4363BBEF2662}"
EndProject
Project("{FAE04EC0-301F-11D3-BF4B-00C04F79EFBC}") = "Yojowa.NpgSQLOM", "npgsqlom\Yojowa.NpgSQLOM.csproj", "{6E6D3224-3754-45DE-8514-FB4D75F586AD}"
EndProject
Global
	GlobalSection(SolutionConfigurationPlatforms) = preSolution
		Debug|Android = Debug|Android
		Debug|Any CPU = Debug|Any CPU
		Debug|iOS = Debug|iOS
		Debug|Windows Phone (Universal) = Debug|Windows Phone (Universal)
		Debug|Windows Phone 8 = Debug|Windows Phone 8
		Debug|Windows-AnyCPU = Debug|Windows-AnyCPU
		Debug|Windows-ARM = Debug|Windows-ARM
		Debug|Windows-x64 = Debug|Windows-x64
		Debug|Windows-x86 = Debug|Windows-x86
		Release|Android = Release|Android
		Release|Any CPU = Release|Any CPU
		Release|iOS = Release|iOS
		Release|Windows Phone (Universal) = Release|Windows Phone (Universal)
		Release|Windows Phone 8 = Release|Windows Phone 8
		Release|Windows-AnyCPU = Release|Windows-AnyCPU
		Release|Windows-ARM = Release|Windows-ARM
		Release|Windows-x64 = Release|Windows-x64
		Release|Windows-x86 = Release|Windows-x86
	EndGlobalSection
	GlobalSection(ProjectConfigurationPlatforms) = postSolution
		{A7DF5262-9FE9-4191-BB94-9E7B36DB0563}.Debug|Android.ActiveCfg = Debug|Any CPU
		{A7DF5262-9FE9-4191-BB94-9E7B36DB0563}.Debug|Android.Build.0 = Debug|Any CPU
		{A7DF5262-9FE9-4191-BB94-9E7B36DB0563}.Debug|Any CPU.ActiveCfg = Debug|Any CPU
		{A7DF5262-9FE9-4191-BB94-9E7B36DB0563}.Debug|Any CPU.Build.0 = Debug|Any CPU
		{A7DF5262-9FE9-4191-BB94-9E7B36DB0563}.Debug|iOS.ActiveCfg = Debug|Any CPU
		{A7DF5262-9FE9-4191-BB94-9E7B36DB0563}.Debug|iOS.Build.0 = Debug|Any CPU
		{A7DF5262-9FE9-4191-BB94-9E7B36DB0563}.Debug|Windows Phone (Universal).ActiveCfg = Debug|Any CPU
		{A7DF5262-9FE9-4191-BB94-9E7B36DB0563}.Debug|Windows Phone (Universal).Build.0 = Debug|Any CPU
		{A7DF5262-9FE9-4191-BB94-9E7B36DB0563}.Debug|Windows Phone 8.ActiveCfg = Debug|Any CPU
		{A7DF5262-9FE9-4191-BB94-9E7B36DB0563}.Debug|Windows Phone 8.Build.0 = Debug|Any CPU
		{A7DF5262-9FE9-4191-BB94-9E7B36DB0563}.Debug|Windows-AnyCPU.ActiveCfg = Debug|Any CPU
		{A7DF5262-9FE9-4191-BB94-9E7B36DB0563}.Debug|Windows-AnyCPU.Build.0 = Debug|Any CPU
		{A7DF5262-9FE9-4191-BB94-9E7B36DB0563}.Debug|Windows-ARM.ActiveCfg = Debug|Any CPU
		{A7DF5262-9FE9-4191-BB94-9E7B36DB0563}.Debug|Windows-ARM.Build.0 = Debug|Any CPU
		{A7DF5262-9FE9-4191-BB94-9E7B36DB0563}.Debug|Windows-x64.ActiveCfg = Debug|Any CPU
		{A7DF5262-9FE9-4191-BB94-9E7B36DB0563}.Debug|Windows-x64.Build.0 = Debug|Any CPU
		{A7DF5262-9FE9-4191-BB94-9E7B36DB0563}.Debug|Windows-x86.ActiveCfg = Debug|Any CPU
		{A7DF5262-9FE9-4191-BB94-9E7B36DB0563}.Debug|Windows-x86.Build.0 = Debug|Any CPU
		{A7DF5262-9FE9-4191-BB94-9E7B36DB0563}.Release|Android.ActiveCfg = Release|Any CPU
		{A7DF5262-9FE9-4191-BB94-9E7B36DB0563}.Release|Android.Build.0 = Release|Any CPU
		{A7DF5262-9FE9-4191-BB94-9E7B36DB0563}.Release|Any CPU.ActiveCfg = Release|Any CPU
		{A7DF5262-9FE9-4191-BB94-9E7B36DB0563}.Release|Any CPU.Build.0 = Release|Any CPU
		{A7DF5262-9FE9-4191-BB94-9E7B36DB0563}.Release|iOS.ActiveCfg = Release|Any CPU
		{A7DF5262-9FE9-4191-BB94-9E7B36DB0563}.Release|iOS.Build.0 = Release|Any CPU
		{A7DF5262-9FE9-4191-BB94-9E7B36DB0563}.Release|Windows Phone (Universal).ActiveCfg = Release|Any CPU
		{A7DF5262-9FE9-4191-BB94-9E7B36DB0563}.Release|Windows Phone (Universal).Build.0 = Release|Any CPU
		{A7DF5262-9FE9-4191-BB94-9E7B36DB0563}.Release|Windows Phone 8.ActiveCfg = Release|Any CPU
		{A7DF5262-9FE9-4191-BB94-9E7B36DB0563}.Release|Windows Phone 8.Build.0 = Release|Any CPU
		{A7DF5262-9FE9-4191-BB94-9E7B36DB0563}.Release|Windows-AnyCPU.ActiveCfg = Release|Any CPU
		{A7DF5262-9FE9-4191-BB94-9E7B36DB0563}.Release|Windows-AnyCPU.Build.0 = Release|Any CPU
		{A7DF5262-9FE9-4191-BB94-9E7B36DB0563}.Release|Windows-ARM.ActiveCfg = Release|Any CPU
		{A7DF5262-9FE9-4191-BB94-9E7B36DB0563}.Release|Windows-ARM.Build.0 = Release|Any CPU
		{A7DF5262-9FE9-4191-BB94-9E7B36DB0563}.Release|Windows-x64.ActiveCfg = Release|Any CPU
		{A7DF5262-9FE9-4191-BB94-9E7B36DB0563}.Release|Windows-x64.Build.0 = Release|Any CPU
		{A7DF5262-9FE9-4191-BB94-9E7B36DB0563}.Release|Windows-x86.ActiveCfg = Release|Any CPU
		{A7DF5262-9FE9-4191-BB94-9E7B36DB0563}.Release|Windows-x86.Build.0 = Release|Any CPU
		{74352DD3-952B-40CC-B4F2-82DAA8DD0F8A}.Debug|Android.ActiveCfg = Debug|Any CPU
		{74352DD3-952B-40CC-B4F2-82DAA8DD0F8A}.Debug|Android.Build.0 = Debug|Any CPU
		{74352DD3-952B-40CC-B4F2-82DAA8DD0F8A}.Debug|Any CPU.ActiveCfg = Debug|Any CPU
		{74352DD3-952B-40CC-B4F2-82DAA8DD0F8A}.Debug|Any CPU.Build.0 = Debug|Any CPU
		{74352DD3-952B-40CC-B4F2-82DAA8DD0F8A}.Debug|iOS.ActiveCfg = Debug|Any CPU
		{74352DD3-952B-40CC-B4F2-82DAA8DD0F8A}.Debug|iOS.Build.0 = Debug|Any CPU
		{74352DD3-952B-40CC-B4F2-82DAA8DD0F8A}.Debug|Windows Phone (Universal).ActiveCfg = Debug|Any CPU
		{74352DD3-952B-40CC-B4F2-82DAA8DD0F8A}.Debug|Windows Phone (Universal).Build.0 = Debug|Any CPU
		{74352DD3-952B-40CC-B4F2-82DAA8DD0F8A}.Debug|Windows Phone 8.ActiveCfg = Debug|Any CPU
		{74352DD3-952B-40CC-B4F2-82DAA8DD0F8A}.Debug|Windows Phone 8.Build.0 = Debug|Any CPU
		{74352DD3-952B-40CC-B4F2-82DAA8DD0F8A}.Debug|Windows-AnyCPU.ActiveCfg = Debug|Any CPU
		{74352DD3-952B-40CC-B4F2-82DAA8DD0F8A}.Debug|Windows-AnyCPU.Build.0 = Debug|Any CPU
		{74352DD3-952B-40CC-B4F2-82DAA8DD0F8A}.Debug|Windows-ARM.ActiveCfg = Debug|Any CPU
		{74352DD3-952B-40CC-B4F2-82DAA8DD0F8A}.Debug|Windows-ARM.Build.0 = Debug|Any CPU
		{74352DD3-952B-40CC-B4F2-82DAA8DD0F8A}.Debug|Windows-x64.ActiveCfg = Debug|Any CPU
		{74352DD3-952B-40CC-B4F2-82DAA8DD0F8A}.Debug|Windows-x64.Build.0 = Debug|Any CPU
		{74352DD3-952B-40CC-B4F2-82DAA8DD0F8A}.Debug|Windows-x86.ActiveCfg = Debug|Any CPU
		{74352DD3-952B-40CC-B4F2-82DAA8DD0F8A}.Debug|Windows-x86.Build.0 = Debug|Any CPU
		{74352DD3-952B-40CC-B4F2-82DAA8DD0F8A}.Release|Android.ActiveCfg = Release|Any CPU
		{74352DD3-952B-40CC-B4F2-82DAA8DD0F8A}.Release|Android.Build.0 = Release|Any CPU
		{74352DD3-952B-40CC-B4F2-82DAA8DD0F8A}.Release|Any CPU.ActiveCfg = Release|Any CPU
		{74352DD3-952B-40CC-B4F2-82DAA8DD0F8A}.Release|Any CPU.Build.0 = Release|Any CPU
		{74352DD3-952B-40CC-B4F2-82DAA8DD0F8A}.Release|iOS.ActiveCfg = Release|Any CPU
		{74352DD3-952B-40CC-B4F2-82DAA8DD0F8A}.Release|iOS.Build.0 = Release|Any CPU
		{74352DD3-952B-40CC-B4F2-82DAA8DD0F8A}.Release|Windows Phone (Universal).ActiveCfg = Release|Any CPU
		{74352DD3-952B-40CC-B4F2-82DAA8DD0F8A}.Release|Windows Phone (Universal).Build.0 = Release|Any CPU
		{74352DD3-952B-40CC-B4F2-82DAA8DD0F8A}.Release|Windows Phone 8.ActiveCfg = Release|Any CPU
		{74352DD3-952B-40CC-B4F2-82DAA8DD0F8A}.Release|Windows Phone 8.Build.0 = Release|Any CPU
		{74352DD3-952B-40CC-B4F2-82DAA8DD0F8A}.Release|Windows-AnyCPU.ActiveCfg = Release|Any CPU
		{74352DD3-952B-40CC-B4F2-82DAA8DD0F8A}.Release|Windows-AnyCPU.Build.0 = Release|Any CPU
		{74352DD3-952B-40CC-B4F2-82DAA8DD0F8A}.Release|Windows-ARM.ActiveCfg = Release|Any CPU
		{74352DD3-952B-40CC-B4F2-82DAA8DD0F8A}.Release|Windows-ARM.Build.0 = Release|Any CPU
		{74352DD3-952B-40CC-B4F2-82DAA8DD0F8A}.Release|Windows-x64.ActiveCfg = Release|Any CPU
		{74352DD3-952B-40CC-B4F2-82DAA8DD0F8A}.Release|Windows-x64.Build.0 = Release|Any CPU
		{74352DD3-952B-40CC-B4F2-82DAA8DD0F8A}.Release|Windows-x86.ActiveCfg = Release|Any CPU
		{74352DD3-952B-40CC-B4F2-82DAA8DD0F8A}.Release|Windows-x86.Build.0 = Release|Any CPU
		{69F312CF-1A2D-4B82-B6D5-4F59FC139A44}.Debug|Android.ActiveCfg = Debug|Any CPU
		{69F312CF-1A2D-4B82-B6D5-4F59FC139A44}.Debug|Android.Build.0 = Debug|Any CPU
		{69F312CF-1A2D-4B82-B6D5-4F59FC139A44}.Debug|Any CPU.ActiveCfg = Debug|Any CPU
		{69F312CF-1A2D-4B82-B6D5-4F59FC139A44}.Debug|Any CPU.Build.0 = Debug|Any CPU
		{69F312CF-1A2D-4B82-B6D5-4F59FC139A44}.Debug|iOS.ActiveCfg = Debug|Any CPU
		{69F312CF-1A2D-4B82-B6D5-4F59FC139A44}.Debug|iOS.Build.0 = Debug|Any CPU
		{69F312CF-1A2D-4B82-B6D5-4F59FC139A44}.Debug|Windows Phone (Universal).ActiveCfg = Debug|Any CPU
		{69F312CF-1A2D-4B82-B6D5-4F59FC139A44}.Debug|Windows Phone (Universal).Build.0 = Debug|Any CPU
		{69F312CF-1A2D-4B82-B6D5-4F59FC139A44}.Debug|Windows Phone 8.ActiveCfg = Debug|Any CPU
		{69F312CF-1A2D-4B82-B6D5-4F59FC139A44}.Debug|Windows Phone 8.Build.0 = Debug|Any CPU
		{69F312CF-1A2D-4B82-B6D5-4F59FC139A44}.Debug|Windows-AnyCPU.ActiveCfg = Debug|Any CPU
		{69F312CF-1A2D-4B82-B6D5-4F59FC139A44}.Debug|Windows-AnyCPU.Build.0 = Debug|Any CPU
		{69F312CF-1A2D-4B82-B6D5-4F59FC139A44}.Debug|Windows-ARM.ActiveCfg = Debug|Any CPU
		{69F312CF-1A2D-4B82-B6D5-4F59FC139A44}.Debug|Windows-ARM.Build.0 = Debug|Any CPU
		{69F312CF-1A2D-4B82-B6D5-4F59FC139A44}.Debug|Windows-x64.ActiveCfg = Debug|Any CPU
		{69F312CF-1A2D-4B82-B6D5-4F59FC139A44}.Debug|Windows-x64.Build.0 = Debug|Any CPU
		{69F312CF-1A2D-4B82-B6D5-4F59FC139A44}.Debug|Windows-x86.ActiveCfg = Debug|Any CPU
		{69F312CF-1A2D-4B82-B6D5-4F59FC139A44}.Debug|Windows-x86.Build.0 = Debug|Any CPU
		{69F312CF-1A2D-4B82-B6D5-4F59FC139A44}.Release|Android.ActiveCfg = Release|Any CPU
		{69F312CF-1A2D-4B82-B6D5-4F59FC139A44}.Release|Android.Build.0 = Release|Any CPU
		{69F312CF-1A2D-4B82-B6D5-4F59FC139A44}.Release|Any CPU.ActiveCfg = Release|Any CPU
		{69F312CF-1A2D-4B82-B6D5-4F59FC139A44}.Release|Any CPU.Build.0 = Release|Any CPU
		{69F312CF-1A2D-4B82-B6D5-4F59FC139A44}.Release|iOS.ActiveCfg = Release|Any CPU
		{69F312CF-1A2D-4B82-B6D5-4F59FC139A44}.Release|iOS.Build.0 = Release|Any CPU
		{69F312CF-1A2D-4B82-B6D5-4F59FC139A44}.Release|Windows Phone (Universal).ActiveCfg = Release|Any CPU
		{69F312CF-1A2D-4B82-B6D5-4F59FC139A44}.Release|Windows Phone (Universal).Build.0 = Release|Any CPU
		{69F312CF-1A2D-4B82-B6D5-4F59FC139A44}.Release|Windows Phone 8.ActiveCfg = Release|Any CPU
		{69F312CF-1A2D-4B82-B6D5-4F59FC139A44}.Release|Windows Phone 8.Build.0 = Release|Any CPU
		{69F312CF-1A2D-4B82-B6D5-4F59FC139A44}.Release|Windows-AnyCPU.ActiveCfg = Release|Any CPU
		{69F312CF-1A2D-4B82-B6D5-4F59FC139A44}.Release|Windows-AnyCPU.Build.0 = Release|Any CPU
		{69F312CF-1A2D-4B82-B6D5-4F59FC139A44}.Release|Windows-ARM.ActiveCfg = Release|Any CPU
		{69F312CF-1A2D-4B82-B6D5-4F59FC139A44}.Release|Windows-ARM.Build.0 = Release|Any CPU
		{69F312CF-1A2D-4B82-B6D5-4F59FC139A44}.Release|Windows-x64.ActiveCfg = Release|Any CPU
		{69F312CF-1A2D-4B82-B6D5-4F59FC139A44}.Release|Windows-x64.Build.0 = Release|Any CPU
		{69F312CF-1A2D-4B82-B6D5-4F59FC139A44}.Release|Windows-x86.ActiveCfg = Release|Any CPU
		{69F312CF-1A2D-4B82-B6D5-4F59FC139A44}.Release|Windows-x86.Build.0 = Release|Any CPU
		{5C3207A8-8384-4AAC-BBFD-E43BA54DB4D7}.Debug|Android.ActiveCfg = Debug|Any CPU
		{5C3207A8-8384-4AAC-BBFD-E43BA54DB4D7}.Debug|Android.Build.0 = Debug|Any CPU
		{5C3207A8-8384-4AAC-BBFD-E43BA54DB4D7}.Debug|Any CPU.ActiveCfg = Debug|Any CPU
		{5C3207A8-8384-4AAC-BBFD-E43BA54DB4D7}.Debug|Any CPU.Build.0 = Debug|Any CPU
		{5C3207A8-8384-4AAC-BBFD-E43BA54DB4D7}.Debug|iOS.ActiveCfg = Debug|Any CPU
		{5C3207A8-8384-4AAC-BBFD-E43BA54DB4D7}.Debug|iOS.Build.0 = Debug|Any CPU
		{5C3207A8-8384-4AAC-BBFD-E43BA54DB4D7}.Debug|Windows Phone (Universal).ActiveCfg = Debug|Any CPU
		{5C3207A8-8384-4AAC-BBFD-E43BA54DB4D7}.Debug|Windows Phone (Universal).Build.0 = Debug|Any CPU
		{5C3207A8-8384-4AAC-BBFD-E43BA54DB4D7}.Debug|Windows Phone 8.ActiveCfg = Debug|Any CPU
		{5C3207A8-8384-4AAC-BBFD-E43BA54DB4D7}.Debug|Windows Phone 8.Build.0 = Debug|Any CPU
		{5C3207A8-8384-4AAC-BBFD-E43BA54DB4D7}.Debug|Windows-AnyCPU.ActiveCfg = Debug|Any CPU
		{5C3207A8-8384-4AAC-BBFD-E43BA54DB4D7}.Debug|Windows-AnyCPU.Build.0 = Debug|Any CPU
		{5C3207A8-8384-4AAC-BBFD-E43BA54DB4D7}.Debug|Windows-ARM.ActiveCfg = Debug|Any CPU
		{5C3207A8-8384-4AAC-BBFD-E43BA54DB4D7}.Debug|Windows-ARM.Build.0 = Debug|Any CPU
		{5C3207A8-8384-4AAC-BBFD-E43BA54DB4D7}.Debug|Windows-x64.ActiveCfg = Debug|Any CPU
		{5C3207A8-8384-4AAC-BBFD-E43BA54DB4D7}.Debug|Windows-x64.Build.0 = Debug|Any CPU
		{5C3207A8-8384-4AAC-BBFD-E43BA54DB4D7}.Debug|Windows-x86.ActiveCfg = Debug|Any CPU
		{5C3207A8-8384-4AAC-BBFD-E43BA54DB4D7}.Debug|Windows-x86.Build.0 = Debug|Any CPU
		{5C3207A8-8384-4AAC-BBFD-E43BA54DB4D7}.Release|Android.ActiveCfg = Release|Any CPU
		{5C3207A8-8384-4AAC-BBFD-E43BA54DB4D7}.Release|Android.Build.0 = Release|Any CPU
		{5C3207A8-8384-4AAC-BBFD-E43BA54DB4D7}.Release|Any CPU.ActiveCfg = Release|Any CPU
		{5C3207A8-8384-4AAC-BBFD-E43BA54DB4D7}.Release|Any CPU.Build.0 = Release|Any CPU
		{5C3207A8-8384-4AAC-BBFD-E43BA54DB4D7}.Release|iOS.ActiveCfg = Release|Any CPU
		{5C3207A8-8384-4AAC-BBFD-E43BA54DB4D7}.Release|iOS.Build.0 = Release|Any CPU
		{5C3207A8-8384-4AAC-BBFD-E43BA54DB4D7}.Release|Windows Phone (Universal).ActiveCfg = Release|Any CPU
		{5C3207A8-8384-4AAC-BBFD-E43BA54DB4D7}.Release|Windows Phone (Universal).Build.0 = Release|Any CPU
		{5C3207A8-8384-4AAC-BBFD-E43BA54DB4D7}.Release|Windows Phone 8.ActiveCfg = Release|Any CPU
		{5C3207A8-8384-4AAC-BBFD-E43BA54DB4D7}.Release|Windows Phone 8.Build.0 = Release|Any CPU
		{5C3207A8-8384-4AAC-BBFD-E43BA54DB4D7}.Release|Windows-AnyCPU.ActiveCfg = Release|Any CPU
		{5C3207A8-8384-4AAC-BBFD-E43BA54DB4D7}.Release|Windows-AnyCPU.Build.0 = Release|Any CPU
		{5C3207A8-8384-4AAC-BBFD-E43BA54DB4D7}.Release|Windows-ARM.ActiveCfg = Release|Any CPU
		{5C3207A8-8384-4AAC-BBFD-E43BA54DB4D7}.Release|Windows-ARM.Build.0 = Release|Any CPU
		{5C3207A8-8384-4AAC-BBFD-E43BA54DB4D7}.Release|Windows-x64.ActiveCfg = Release|Any CPU
		{5C3207A8-8384-4AAC-BBFD-E43BA54DB4D7}.Release|Windows-x64.Build.0 = Release|Any CPU
		{5C3207A8-8384-4AAC-BBFD-E43BA54DB4D7}.Release|Windows-x86.ActiveCfg = Release|Any CPU
		{5C3207A8-8384-4AAC-BBFD-E43BA54DB4D7}.Release|Windows-x86.Build.0 = Release|Any CPU
		{5F0BCF59-332E-4F7B-99C4-11C9C86BF25D}.Debug|Android.ActiveCfg = Debug|Android
		{5F0BCF59-332E-4F7B-99C4-11C9C86BF25D}.Debug|Android.Build.0 = Debug|Android
		{5F0BCF59-332E-4F7B-99C4-11C9C86BF25D}.Debug|Android.Deploy.0 = Debug|Android
		{5F0BCF59-332E-4F7B-99C4-11C9C86BF25D}.Debug|Any CPU.ActiveCfg = Debug|Android
		{5F0BCF59-332E-4F7B-99C4-11C9C86BF25D}.Debug|iOS.ActiveCfg = Debug|iOS
		{5F0BCF59-332E-4F7B-99C4-11C9C86BF25D}.Debug|iOS.Build.0 = Debug|iOS
		{5F0BCF59-332E-4F7B-99C4-11C9C86BF25D}.Debug|iOS.Deploy.0 = Debug|iOS
		{5F0BCF59-332E-4F7B-99C4-11C9C86BF25D}.Debug|Windows Phone (Universal).ActiveCfg = Debug|Windows Phone (Universal)
		{5F0BCF59-332E-4F7B-99C4-11C9C86BF25D}.Debug|Windows Phone (Universal).Build.0 = Debug|Windows Phone (Universal)
		{5F0BCF59-332E-4F7B-99C4-11C9C86BF25D}.Debug|Windows Phone (Universal).Deploy.0 = Debug|Windows Phone (Universal)
		{5F0BCF59-332E-4F7B-99C4-11C9C86BF25D}.Debug|Windows Phone 8.ActiveCfg = Debug|Windows Phone 8
		{5F0BCF59-332E-4F7B-99C4-11C9C86BF25D}.Debug|Windows Phone 8.Build.0 = Debug|Windows Phone 8
		{5F0BCF59-332E-4F7B-99C4-11C9C86BF25D}.Debug|Windows Phone 8.Deploy.0 = Debug|Windows Phone 8
		{5F0BCF59-332E-4F7B-99C4-11C9C86BF25D}.Debug|Windows-AnyCPU.ActiveCfg = Debug|Windows-AnyCPU
		{5F0BCF59-332E-4F7B-99C4-11C9C86BF25D}.Debug|Windows-AnyCPU.Build.0 = Debug|Windows-AnyCPU
		{5F0BCF59-332E-4F7B-99C4-11C9C86BF25D}.Debug|Windows-AnyCPU.Deploy.0 = Debug|Windows-AnyCPU
		{5F0BCF59-332E-4F7B-99C4-11C9C86BF25D}.Debug|Windows-ARM.ActiveCfg = Debug|Windows-ARM
		{5F0BCF59-332E-4F7B-99C4-11C9C86BF25D}.Debug|Windows-ARM.Build.0 = Debug|Windows-ARM
		{5F0BCF59-332E-4F7B-99C4-11C9C86BF25D}.Debug|Windows-ARM.Deploy.0 = Debug|Windows-ARM
		{5F0BCF59-332E-4F7B-99C4-11C9C86BF25D}.Debug|Windows-x64.ActiveCfg = Debug|Windows-x64
		{5F0BCF59-332E-4F7B-99C4-11C9C86BF25D}.Debug|Windows-x64.Build.0 = Debug|Windows-x64
		{5F0BCF59-332E-4F7B-99C4-11C9C86BF25D}.Debug|Windows-x64.Deploy.0 = Debug|Windows-x64
		{5F0BCF59-332E-4F7B-99C4-11C9C86BF25D}.Debug|Windows-x86.ActiveCfg = Debug|Windows-x86
		{5F0BCF59-332E-4F7B-99C4-11C9C86BF25D}.Debug|Windows-x86.Build.0 = Debug|Windows-x86
		{5F0BCF59-332E-4F7B-99C4-11C9C86BF25D}.Debug|Windows-x86.Deploy.0 = Debug|Windows-x86
		{5F0BCF59-332E-4F7B-99C4-11C9C86BF25D}.Release|Android.ActiveCfg = Release|Android
		{5F0BCF59-332E-4F7B-99C4-11C9C86BF25D}.Release|Android.Build.0 = Release|Android
		{5F0BCF59-332E-4F7B-99C4-11C9C86BF25D}.Release|Android.Deploy.0 = Release|Android
		{5F0BCF59-332E-4F7B-99C4-11C9C86BF25D}.Release|Any CPU.ActiveCfg = Release|Android
		{5F0BCF59-332E-4F7B-99C4-11C9C86BF25D}.Release|iOS.ActiveCfg = Release|iOS
		{5F0BCF59-332E-4F7B-99C4-11C9C86BF25D}.Release|iOS.Build.0 = Release|iOS
		{5F0BCF59-332E-4F7B-99C4-11C9C86BF25D}.Release|iOS.Deploy.0 = Release|iOS
		{5F0BCF59-332E-4F7B-99C4-11C9C86BF25D}.Release|Windows Phone (Universal).ActiveCfg = Release|Windows Phone (Universal)
		{5F0BCF59-332E-4F7B-99C4-11C9C86BF25D}.Release|Windows Phone (Universal).Build.0 = Release|Windows Phone (Universal)
		{5F0BCF59-332E-4F7B-99C4-11C9C86BF25D}.Release|Windows Phone (Universal).Deploy.0 = Release|Windows Phone (Universal)
		{5F0BCF59-332E-4F7B-99C4-11C9C86BF25D}.Release|Windows Phone 8.ActiveCfg = Release|Windows Phone 8
		{5F0BCF59-332E-4F7B-99C4-11C9C86BF25D}.Release|Windows Phone 8.Build.0 = Release|Windows Phone 8
		{5F0BCF59-332E-4F7B-99C4-11C9C86BF25D}.Release|Windows Phone 8.Deploy.0 = Release|Windows Phone 8
		{5F0BCF59-332E-4F7B-99C4-11C9C86BF25D}.Release|Windows-AnyCPU.ActiveCfg = Release|Windows-AnyCPU
		{5F0BCF59-332E-4F7B-99C4-11C9C86BF25D}.Release|Windows-AnyCPU.Build.0 = Release|Windows-AnyCPU
		{5F0BCF59-332E-4F7B-99C4-11C9C86BF25D}.Release|Windows-AnyCPU.Deploy.0 = Release|Windows-AnyCPU
		{5F0BCF59-332E-4F7B-99C4-11C9C86BF25D}.Release|Windows-ARM.ActiveCfg = Release|Windows-ARM
		{5F0BCF59-332E-4F7B-99C4-11C9C86BF25D}.Release|Windows-ARM.Build.0 = Release|Windows-ARM
		{5F0BCF59-332E-4F7B-99C4-11C9C86BF25D}.Release|Windows-ARM.Deploy.0 = Release|Windows-ARM
		{5F0BCF59-332E-4F7B-99C4-11C9C86BF25D}.Release|Windows-x64.ActiveCfg = Release|Windows-x64
		{5F0BCF59-332E-4F7B-99C4-11C9C86BF25D}.Release|Windows-x64.Build.0 = Release|Windows-x64
		{5F0BCF59-332E-4F7B-99C4-11C9C86BF25D}.Release|Windows-x64.Deploy.0 = Release|Windows-x64
		{5F0BCF59-332E-4F7B-99C4-11C9C86BF25D}.Release|Windows-x86.ActiveCfg = Release|Windows-x86
		{5F0BCF59-332E-4F7B-99C4-11C9C86BF25D}.Release|Windows-x86.Build.0 = Release|Windows-x86
		{5F0BCF59-332E-4F7B-99C4-11C9C86BF25D}.Release|Windows-x86.Deploy.0 = Release|Windows-x86
		{839DB10A-D6C8-4512-92B8-585C17F83026}.Debug|Android.ActiveCfg = Debug|Any CPU
		{839DB10A-D6C8-4512-92B8-585C17F83026}.Debug|Android.Build.0 = Debug|Any CPU
		{839DB10A-D6C8-4512-92B8-585C17F83026}.Debug|Any CPU.ActiveCfg = Debug|Any CPU
		{839DB10A-D6C8-4512-92B8-585C17F83026}.Debug|Any CPU.Build.0 = Debug|Any CPU
		{839DB10A-D6C8-4512-92B8-585C17F83026}.Debug|iOS.ActiveCfg = Debug|Any CPU
		{839DB10A-D6C8-4512-92B8-585C17F83026}.Debug|iOS.Build.0 = Debug|Any CPU
		{839DB10A-D6C8-4512-92B8-585C17F83026}.Debug|Windows Phone (Universal).ActiveCfg = Debug|Any CPU
		{839DB10A-D6C8-4512-92B8-585C17F83026}.Debug|Windows Phone (Universal).Build.0 = Debug|Any CPU
		{839DB10A-D6C8-4512-92B8-585C17F83026}.Debug|Windows Phone 8.ActiveCfg = Debug|Any CPU
		{839DB10A-D6C8-4512-92B8-585C17F83026}.Debug|Windows Phone 8.Build.0 = Debug|Any CPU
		{839DB10A-D6C8-4512-92B8-585C17F83026}.Debug|Windows-AnyCPU.ActiveCfg = Debug|Any CPU
		{839DB10A-D6C8-4512-92B8-585C17F83026}.Debug|Windows-AnyCPU.Build.0 = Debug|Any CPU
		{839DB10A-D6C8-4512-92B8-585C17F83026}.Debug|Windows-ARM.ActiveCfg = Debug|Any CPU
		{839DB10A-D6C8-4512-92B8-585C17F83026}.Debug|Windows-ARM.Build.0 = Debug|Any CPU
		{839DB10A-D6C8-4512-92B8-585C17F83026}.Debug|Windows-x64.ActiveCfg = Debug|Any CPU
		{839DB10A-D6C8-4512-92B8-585C17F83026}.Debug|Windows-x64.Build.0 = Debug|Any CPU
		{839DB10A-D6C8-4512-92B8-585C17F83026}.Debug|Windows-x86.ActiveCfg = Debug|Any CPU
		{839DB10A-D6C8-4512-92B8-585C17F83026}.Debug|Windows-x86.Build.0 = Debug|Any CPU
		{839DB10A-D6C8-4512-92B8-585C17F83026}.Release|Android.ActiveCfg = Release|Any CPU
		{839DB10A-D6C8-4512-92B8-585C17F83026}.Release|Android.Build.0 = Release|Any CPU
		{839DB10A-D6C8-4512-92B8-585C17F83026}.Release|Any CPU.ActiveCfg = Release|Any CPU
		{839DB10A-D6C8-4512-92B8-585C17F83026}.Release|Any CPU.Build.0 = Release|Any CPU
		{839DB10A-D6C8-4512-92B8-585C17F83026}.Release|iOS.ActiveCfg = Release|Any CPU
		{839DB10A-D6C8-4512-92B8-585C17F83026}.Release|iOS.Build.0 = Release|Any CPU
		{839DB10A-D6C8-4512-92B8-585C17F83026}.Release|Windows Phone (Universal).ActiveCfg = Release|Any CPU
		{839DB10A-D6C8-4512-92B8-585C17F83026}.Release|Windows Phone (Universal).Build.0 = Release|Any CPU
		{839DB10A-D6C8-4512-92B8-585C17F83026}.Release|Windows Phone 8.ActiveCfg = Release|Any CPU
		{839DB10A-D6C8-4512-92B8-585C17F83026}.Release|Windows Phone 8.Build.0 = Release|Any CPU
		{839DB10A-D6C8-4512-92B8-585C17F83026}.Release|Windows-AnyCPU.ActiveCfg = Release|Any CPU
		{839DB10A-D6C8-4512-92B8-585C17F83026}.Release|Windows-AnyCPU.Build.0 = Release|Any CPU
		{839DB10A-D6C8-4512-92B8-585C17F83026}.Release|Windows-ARM.ActiveCfg = Release|Any CPU
		{839DB10A-D6C8-4512-92B8-585C17F83026}.Release|Windows-ARM.Build.0 = Release|Any CPU
		{839DB10A-D6C8-4512-92B8-585C17F83026}.Release|Windows-x64.ActiveCfg = Release|Any CPU
		{839DB10A-D6C8-4512-92B8-585C17F83026}.Release|Windows-x64.Build.0 = Release|Any CPU
		{839DB10A-D6C8-4512-92B8-585C17F83026}.Release|Windows-x86.ActiveCfg = Release|Any CPU
		{839DB10A-D6C8-4512-92B8-585C17F83026}.Release|Windows-x86.Build.0 = Release|Any CPU
		{BBB31170-D929-4D55-A1F8-30734CFB0C3A}.Debug|Android.ActiveCfg = Debug|Any CPU
		{BBB31170-D929-4D55-A1F8-30734CFB0C3A}.Debug|Android.Build.0 = Debug|Any CPU
		{BBB31170-D929-4D55-A1F8-30734CFB0C3A}.Debug|Any CPU.ActiveCfg = Debug|Any CPU
		{BBB31170-D929-4D55-A1F8-30734CFB0C3A}.Debug|Any CPU.Build.0 = Debug|Any CPU
		{BBB31170-D929-4D55-A1F8-30734CFB0C3A}.Debug|iOS.ActiveCfg = Debug|Any CPU
		{BBB31170-D929-4D55-A1F8-30734CFB0C3A}.Debug|iOS.Build.0 = Debug|Any CPU
		{BBB31170-D929-4D55-A1F8-30734CFB0C3A}.Debug|Windows Phone (Universal).ActiveCfg = Debug|Any CPU
		{BBB31170-D929-4D55-A1F8-30734CFB0C3A}.Debug|Windows Phone (Universal).Build.0 = Debug|Any CPU
		{BBB31170-D929-4D55-A1F8-30734CFB0C3A}.Debug|Windows Phone 8.ActiveCfg = Debug|Any CPU
		{BBB31170-D929-4D55-A1F8-30734CFB0C3A}.Debug|Windows Phone 8.Build.0 = Debug|Any CPU
		{BBB31170-D929-4D55-A1F8-30734CFB0C3A}.Debug|Windows-AnyCPU.ActiveCfg = Debug|Any CPU
		{BBB31170-D929-4D55-A1F8-30734CFB0C3A}.Debug|Windows-AnyCPU.Build.0 = Debug|Any CPU
		{BBB31170-D929-4D55-A1F8-30734CFB0C3A}.Debug|Windows-ARM.ActiveCfg = Debug|Any CPU
		{BBB31170-D929-4D55-A1F8-30734CFB0C3A}.Debug|Windows-ARM.Build.0 = Debug|Any CPU
		{BBB31170-D929-4D55-A1F8-30734CFB0C3A}.Debug|Windows-x64.ActiveCfg = Debug|Any CPU
		{BBB31170-D929-4D55-A1F8-30734CFB0C3A}.Debug|Windows-x64.Build.0 = Debug|Any CPU
		{BBB31170-D929-4D55-A1F8-30734CFB0C3A}.Debug|Windows-x86.ActiveCfg = Debug|Any CPU
		{BBB31170-D929-4D55-A1F8-30734CFB0C3A}.Debug|Windows-x86.Build.0 = Debug|Any CPU
		{BBB31170-D929-4D55-A1F8-30734CFB0C3A}.Release|Android.ActiveCfg = Release|Any CPU
		{BBB31170-D929-4D55-A1F8-30734CFB0C3A}.Release|Android.Build.0 = Release|Any CPU
		{BBB31170-D929-4D55-A1F8-30734CFB0C3A}.Release|Any CPU.ActiveCfg = Release|Any CPU
		{BBB31170-D929-4D55-A1F8-30734CFB0C3A}.Release|Any CPU.Build.0 = Release|Any CPU
		{BBB31170-D929-4D55-A1F8-30734CFB0C3A}.Release|iOS.ActiveCfg = Release|Any CPU
		{BBB31170-D929-4D55-A1F8-30734CFB0C3A}.Release|iOS.Build.0 = Release|Any CPU
		{BBB31170-D929-4D55-A1F8-30734CFB0C3A}.Release|Windows Phone (Universal).ActiveCfg = Release|Any CPU
		{BBB31170-D929-4D55-A1F8-30734CFB0C3A}.Release|Windows Phone (Universal).Build.0 = Release|Any CPU
		{BBB31170-D929-4D55-A1F8-30734CFB0C3A}.Release|Windows Phone 8.ActiveCfg = Release|Any CPU
		{BBB31170-D929-4D55-A1F8-30734CFB0C3A}.Release|Windows Phone 8.Build.0 = Release|Any CPU
		{BBB31170-D929-4D55-A1F8-30734CFB0C3A}.Release|Windows-AnyCPU.ActiveCfg = Release|Any CPU
		{BBB31170-D929-4D55-A1F8-30734CFB0C3A}.Release|Windows-AnyCPU.Build.0 = Release|Any CPU
		{BBB31170-D929-4D55-A1F8-30734CFB0C3A}.Release|Windows-ARM.ActiveCfg = Release|Any CPU
		{BBB31170-D929-4D55-A1F8-30734CFB0C3A}.Release|Windows-ARM.Build.0 = Release|Any CPU
		{BBB31170-D929-4D55-A1F8-30734CFB0C3A}.Release|Windows-x64.ActiveCfg = Release|Any CPU
		{BBB31170-D929-4D55-A1F8-30734CFB0C3A}.Release|Windows-x64.Build.0 = Release|Any CPU
		{BBB31170-D929-4D55-A1F8-30734CFB0C3A}.Release|Windows-x86.ActiveCfg = Release|Any CPU
		{BBB31170-D929-4D55-A1F8-30734CFB0C3A}.Release|Windows-x86.Build.0 = Release|Any CPU
		{EAF9A614-9129-44FE-95DD-4363BBEF2662}.Debug|Android.ActiveCfg = Debug|Any CPU
		{EAF9A614-9129-44FE-95DD-4363BBEF2662}.Debug|Android.Build.0 = Debug|Any CPU
		{EAF9A614-9129-44FE-95DD-4363BBEF2662}.Debug|Any CPU.ActiveCfg = Debug|Any CPU
		{EAF9A614-9129-44FE-95DD-4363BBEF2662}.Debug|Any CPU.Build.0 = Debug|Any CPU
		{EAF9A614-9129-44FE-95DD-4363BBEF2662}.Debug|iOS.ActiveCfg = Debug|Any CPU
		{EAF9A614-9129-44FE-95DD-4363BBEF2662}.Debug|iOS.Build.0 = Debug|Any CPU
		{EAF9A614-9129-44FE-95DD-4363BBEF2662}.Debug|Windows Phone (Universal).ActiveCfg = Debug|Any CPU
		{EAF9A614-9129-44FE-95DD-4363BBEF2662}.Debug|Windows Phone (Universal).Build.0 = Debug|Any CPU
		{EAF9A614-9129-44FE-95DD-4363BBEF2662}.Debug|Windows Phone 8.ActiveCfg = Debug|Any CPU
		{EAF9A614-9129-44FE-95DD-4363BBEF2662}.Debug|Windows Phone 8.Build.0 = Debug|Any CPU
		{EAF9A614-9129-44FE-95DD-4363BBEF2662}.Debug|Windows-AnyCPU.ActiveCfg = Debug|Any CPU
		{EAF9A614-9129-44FE-95DD-4363BBEF2662}.Debug|Windows-AnyCPU.Build.0 = Debug|Any CPU
		{EAF9A614-9129-44FE-95DD-4363BBEF2662}.Debug|Windows-ARM.ActiveCfg = Debug|Any CPU
		{EAF9A614-9129-44FE-95DD-4363BBEF2662}.Debug|Windows-ARM.Build.0 = Debug|Any CPU
		{EAF9A614-9129-44FE-95DD-4363BBEF2662}.Debug|Windows-x64.ActiveCfg = Debug|Any CPU
		{EAF9A614-9129-44FE-95DD-4363BBEF2662}.Debug|Windows-x64.Build.0 = Debug|Any CPU
		{EAF9A614-9129-44FE-95DD-4363BBEF2662}.Debug|Windows-x86.ActiveCfg = Debug|Any CPU
		{EAF9A614-9129-44FE-95DD-4363BBEF2662}.Debug|Windows-x86.Build.0 = Debug|Any CPU
		{EAF9A614-9129-44FE-95DD-4363BBEF2662}.Release|Android.ActiveCfg = Release|Any CPU
		{EAF9A614-9129-44FE-95DD-4363BBEF2662}.Release|Android.Build.0 = Release|Any CPU
		{EAF9A614-9129-44FE-95DD-4363BBEF2662}.Release|Any CPU.ActiveCfg = Release|Any CPU
		{EAF9A614-9129-44FE-95DD-4363BBEF2662}.Release|Any CPU.Build.0 = Release|Any CPU
		{EAF9A614-9129-44FE-95DD-4363BBEF2662}.Release|iOS.ActiveCfg = Release|Any CPU
		{EAF9A614-9129-44FE-95DD-4363BBEF2662}.Release|iOS.Build.0 = Release|Any CPU
		{EAF9A614-9129-44FE-95DD-4363BBEF2662}.Release|Windows Phone (Universal).ActiveCfg = Release|Any CPU
		{EAF9A614-9129-44FE-95DD-4363BBEF2662}.Release|Windows Phone (Universal).Build.0 = Release|Any CPU
		{EAF9A614-9129-44FE-95DD-4363BBEF2662}.Release|Windows Phone 8.ActiveCfg = Release|Any CPU
		{EAF9A614-9129-44FE-95DD-4363BBEF2662}.Release|Windows Phone 8.Build.0 = Release|Any CPU
		{EAF9A614-9129-44FE-95DD-4363BBEF2662}.Release|Windows-AnyCPU.ActiveCfg = Release|Any CPU
		{EAF9A614-9129-44FE-95DD-4363BBEF2662}.Release|Windows-AnyCPU.Build.0 = Release|Any CPU
		{EAF9A614-9129-44FE-95DD-4363BBEF2662}.Release|Windows-ARM.ActiveCfg = Release|Any CPU
		{EAF9A614-9129-44FE-95DD-4363BBEF2662}.Release|Windows-ARM.Build.0 = Release|Any CPU
		{EAF9A614-9129-44FE-95DD-4363BBEF2662}.Release|Windows-x64.ActiveCfg = Release|Any CPU
		{EAF9A614-9129-44FE-95DD-4363BBEF2662}.Release|Windows-x64.Build.0 = Release|Any CPU
		{EAF9A614-9129-44FE-95DD-4363BBEF2662}.Release|Windows-x86.ActiveCfg = Release|Any CPU
		{EAF9A614-9129-44FE-95DD-4363BBEF2662}.Release|Windows-x86.Build.0 = Release|Any CPU
		{6E6D3224-3754-45DE-8514-FB4D75F586AD}.Debug|Android.ActiveCfg = Debug|Any CPU
		{6E6D3224-3754-45DE-8514-FB4D75F586AD}.Debug|Android.Build.0 = Debug|Any CPU
		{6E6D3224-3754-45DE-8514-FB4D75F586AD}.Debug|Any CPU.ActiveCfg = Debug|Any CPU
		{6E6D3224-3754-45DE-8514-FB4D75F586AD}.Debug|Any CPU.Build.0 = Debug|Any CPU
		{6E6D3224-3754-45DE-8514-FB4D75F586AD}.Debug|iOS.ActiveCfg = Debug|Any CPU
		{6E6D3224-3754-45DE-8514-FB4D75F586AD}.Debug|iOS.Build.0 = Debug|Any CPU
		{6E6D3224-3754-45DE-8514-FB4D75F586AD}.Debug|Windows Phone (Universal).ActiveCfg = Debug|Any CPU
		{6E6D3224-3754-45DE-8514-FB4D75F586AD}.Debug|Windows Phone (Universal).Build.0 = Debug|Any CPU
		{6E6D3224-3754-45DE-8514-FB4D75F586AD}.Debug|Windows Phone 8.ActiveCfg = Debug|Any CPU
		{6E6D3224-3754-45DE-8514-FB4D75F586AD}.Debug|Windows Phone 8.Build.0 = Debug|Any CPU
		{6E6D3224-3754-45DE-8514-FB4D75F586AD}.Debug|Windows-AnyCPU.ActiveCfg = Debug|Any CPU
		{6E6D3224-3754-45DE-8514-FB4D75F586AD}.Debug|Windows-AnyCPU.Build.0 = Debug|Any CPU
		{6E6D3224-3754-45DE-8514-FB4D75F586AD}.Debug|Windows-ARM.ActiveCfg = Debug|Any CPU
		{6E6D3224-3754-45DE-8514-FB4D75F586AD}.Debug|Windows-ARM.Build.0 = Debug|Any CPU
		{6E6D3224-3754-45DE-8514-FB4D75F586AD}.Debug|Windows-x64.ActiveCfg = Debug|Any CPU
		{6E6D3224-3754-45DE-8514-FB4D75F586AD}.Debug|Windows-x64.Build.0 = Debug|Any CPU
		{6E6D3224-3754-45DE-8514-FB4D75F586AD}.Debug|Windows-x86.ActiveCfg = Debug|Any CPU
		{6E6D3224-3754-45DE-8514-FB4D75F586AD}.Debug|Windows-x86.Build.0 = Debug|Any CPU
		{6E6D3224-3754-45DE-8514-FB4D75F586AD}.Release|Android.ActiveCfg = Release|Any CPU
		{6E6D3224-3754-45DE-8514-FB4D75F586AD}.Release|Android.Build.0 = Release|Any CPU
		{6E6D3224-3754-45DE-8514-FB4D75F586AD}.Release|Any CPU.ActiveCfg = Release|Any CPU
		{6E6D3224-3754-45DE-8514-FB4D75F586AD}.Release|Any CPU.Build.0 = Release|Any CPU
		{6E6D3224-3754-45DE-8514-FB4D75F586AD}.Release|iOS.ActiveCfg = Release|Any CPU
		{6E6D3224-3754-45DE-8514-FB4D75F586AD}.Release|iOS.Build.0 = Release|Any CPU
		{6E6D3224-3754-45DE-8514-FB4D75F586AD}.Release|Windows Phone (Universal).ActiveCfg = Release|Any CPU
		{6E6D3224-3754-45DE-8514-FB4D75F586AD}.Release|Windows Phone (Universal).Build.0 = Release|Any CPU
		{6E6D3224-3754-45DE-8514-FB4D75F586AD}.Release|Windows Phone 8.ActiveCfg = Release|Any CPU
		{6E6D3224-3754-45DE-8514-FB4D75F586AD}.Release|Windows Phone 8.Build.0 = Release|Any CPU
		{6E6D3224-3754-45DE-8514-FB4D75F586AD}.Release|Windows-AnyCPU.ActiveCfg = Release|Any CPU
		{6E6D3224-3754-45DE-8514-FB4D75F586AD}.Release|Windows-AnyCPU.Build.0 = Release|Any CPU
		{6E6D3224-3754-45DE-8514-FB4D75F586AD}.Release|Windows-ARM.ActiveCfg = Release|Any CPU
		{6E6D3224-3754-45DE-8514-FB4D75F586AD}.Release|Windows-ARM.Build.0 = Release|Any CPU
		{6E6D3224-3754-45DE-8514-FB4D75F586AD}.Release|Windows-x64.ActiveCfg = Release|Any CPU
		{6E6D3224-3754-45DE-8514-FB4D75F586AD}.Release|Windows-x64.Build.0 = Release|Any CPU
		{6E6D3224-3754-45DE-8514-FB4D75F586AD}.Release|Windows-x86.ActiveCfg = Release|Any CPU
		{6E6D3224-3754-45DE-8514-FB4D75F586AD}.Release|Windows-x86.Build.0 = Release|Any CPU
	EndGlobalSection
	GlobalSection(SolutionProperties) = preSolution
		HideSolutionNode = FALSE
	EndGlobalSection
	GlobalSection(NestedProjects) = preSolution
		{A7DF5262-9FE9-4191-BB94-9E7B36DB0563} = {549A5855-B419-4D0E-B542-1232F8C0CF07}
		{74352DD3-952B-40CC-B4F2-82DAA8DD0F8A} = {549A5855-B419-4D0E-B542-1232F8C0CF07}
		{69F312CF-1A2D-4B82-B6D5-4F59FC139A44} = {CBCB16E3-BDD9-4C39-9F2C-2A704D8B7BD7}
		{5C3207A8-8384-4AAC-BBFD-E43BA54DB4D7} = {549A5855-B419-4D0E-B542-1232F8C0CF07}
		{5F0BCF59-332E-4F7B-99C4-11C9C86BF25D} = {549A5855-B419-4D0E-B542-1232F8C0CF07}
		{839DB10A-D6C8-4512-92B8-585C17F83026} = {549A5855-B419-4D0E-B542-1232F8C0CF07}
		{BBB31170-D929-4D55-A1F8-30734CFB0C3A} = {549A5855-B419-4D0E-B542-1232F8C0CF07}
		{EAF9A614-9129-44FE-95DD-4363BBEF2662} = {549A5855-B419-4D0E-B542-1232F8C0CF07}
		{6E6D3224-3754-45DE-8514-FB4D75F586AD} = {549A5855-B419-4D0E-B542-1232F8C0CF07}
	EndGlobalSection
EndGlobal
